
Microsoft Visual Studio Solution File, Format Version 12.00
# Visual Studio Version 17
VisualStudioVersion = 17.4.33213.308
MinimumVisualStudioVersion = 10.0.40219.1
Project("{9A19103F-16F7-4668-BE54-9A1E7A4F7556}") = "FactoryNamedInstances", "FactoryNamedInstances\FactoryNamedInstances.csproj", "{BCA7DBEB-8A00-436C-AC0B-FEDF5F5A87C1}"
EndProject
Project("{9A19103F-16F7-4668-BE54-9A1E7A4F7556}") = "Scopes", "Scopes\Scopes.csproj", "{66488815-F5FE-4173-8F94-BE5B998BCBF9}"
EndProject
Project("{9A19103F-16F7-4668-BE54-9A1E7A4F7556}") = "DependencyInjection", "DependencyInjection\DependencyInjection.csproj", "{95BCEFE0-4AF1-4716-B088-3498D88F30A3}"
EndProject
Project("{9A19103F-16F7-4668-BE54-9A1E7A4F7556}") = "ExtensionsMethods", "ExtensionsMethods\ExtensionsMethods.csproj", "{4960B40B-3EE6-4AB1-AE9C-EA42BD4F4F4D}"
EndProject
Project("{9A19103F-16F7-4668-BE54-9A1E7A4F7556}") = "Options", "Options\Options.csproj", "{03ED46C3-820C-4081-914E-4C5C6E925782}"
EndProject
Project("{9A19103F-16F7-4668-BE54-9A1E7A4F7556}") = "Logging", "Logging\Logging.csproj", "{4973D26A-DC7B-4B81-AE00-A9DCA49FBA83}"
EndProject
Project("{9A19103F-16F7-4668-BE54-9A1E7A4F7556}") = "Configuration", "Configuration\Configuration.csproj", "{E3FFFEDB-CB6F-4C1A-8EC3-2242376C9E05}"
EndProject
Project("{9A19103F-16F7-4668-BE54-9A1E7A4F7556}") = "Microsoft.Extensions.Configuration.Yaml", "Microsoft.Extensions.Configuration.Yaml\Microsoft.Extensions.Configuration.Yaml.csproj", "{53DCE393-55EB-4D26-ABC4-C339F7EAAAD8}"
EndProject
Project("{2150E333-8FDC-42A3-9474-1A3956D46DE8}") = "2.", "2.", "{5AD90505-59CE-40DC-9692-B7E50D4996A7}"
EndProject
Project("{2150E333-8FDC-42A3-9474-1A3956D46DE8}") = "4.", "4.", "{BA73ABF7-722B-4E87-9B25-BEA7076125B3}"
EndProject
Project("{2150E333-8FDC-42A3-9474-1A3956D46DE8}") = "3.", "3.", "{3CC41512-11FA-4B04-A910-D892C915853C}"
EndProject
Project("{2150E333-8FDC-42A3-9474-1A3956D46DE8}") = "5.", "5.", "{8A3581EA-788A-43D5-8444-2919B9B356C2}"
EndProject
Project("{9A19103F-16F7-4668-BE54-9A1E7A4F7556}") = "Microsoft.Extensions.Logging.ColorConsole", "Microsoft.Extensions.Logging.ColorConsole\Microsoft.Extensions.Logging.ColorConsole.csproj", "{A36FA6BB-4833-4D66-9909-C6BDA98E5FFD}"
EndProject
Project("{2150E333-8FDC-42A3-9474-1A3956D46DE8}") = "1.", "1.", "{0D8B103C-45EF-45F9-B226-41BEF284670B}"
EndProject
Project("{9A19103F-16F7-4668-BE54-9A1E7A4F7556}") = "AbstractFactory", "AbstractFactory\AbstractFactory.csproj", "{EF7DB86E-4C99-456A-9C78-ABCA7BC86A7A}"
EndProject
Project("{9A19103F-16F7-4668-BE54-9A1E7A4F7556}") = "Builder", "Builder\Builder.csproj", "{04C11FE7-F47A-4FB6-BA98-CB80B504C15C}"
EndProject
Project("{9A19103F-16F7-4668-BE54-9A1E7A4F7556}") = "FactorySample", "FactorySample\FactorySample.csproj", "{5129F4D1-ED0E-4AAD-B80A-D49405E4F10F}"
EndProject
Project("{9A19103F-16F7-4668-BE54-9A1E7A4F7556}") = "Singleton", "Singleton\Singleton.csproj", "{65383EFF-3456-433B-8C6C-DCF4F6C56233}"
EndProject
Global
	GlobalSection(SolutionConfigurationPlatforms) = preSolution
		Debug|Any CPU = Debug|Any CPU
		Release|Any CPU = Release|Any CPU
	EndGlobalSection
	GlobalSection(ProjectConfigurationPlatforms) = postSolution
		{BCA7DBEB-8A00-436C-AC0B-FEDF5F5A87C1}.Debug|Any CPU.ActiveCfg = Debug|Any CPU
		{BCA7DBEB-8A00-436C-AC0B-FEDF5F5A87C1}.Debug|Any CPU.Build.0 = Debug|Any CPU
		{BCA7DBEB-8A00-436C-AC0B-FEDF5F5A87C1}.Release|Any CPU.ActiveCfg = Release|Any CPU
		{BCA7DBEB-8A00-436C-AC0B-FEDF5F5A87C1}.Release|Any CPU.Build.0 = Release|Any CPU
		{66488815-F5FE-4173-8F94-BE5B998BCBF9}.Debug|Any CPU.ActiveCfg = Debug|Any CPU
		{66488815-F5FE-4173-8F94-BE5B998BCBF9}.Debug|Any CPU.Build.0 = Debug|Any CPU
		{66488815-F5FE-4173-8F94-BE5B998BCBF9}.Release|Any CPU.ActiveCfg = Release|Any CPU
		{66488815-F5FE-4173-8F94-BE5B998BCBF9}.Release|Any CPU.Build.0 = Release|Any CPU
		{95BCEFE0-4AF1-4716-B088-3498D88F30A3}.Debug|Any CPU.ActiveCfg = Debug|Any CPU
		{95BCEFE0-4AF1-4716-B088-3498D88F30A3}.Debug|Any CPU.Build.0 = Debug|Any CPU
		{95BCEFE0-4AF1-4716-B088-3498D88F30A3}.Release|Any CPU.ActiveCfg = Release|Any CPU
		{95BCEFE0-4AF1-4716-B088-3498D88F30A3}.Release|Any CPU.Build.0 = Release|Any CPU
		{4960B40B-3EE6-4AB1-AE9C-EA42BD4F4F4D}.Debug|Any CPU.ActiveCfg = Debug|Any CPU
		{4960B40B-3EE6-4AB1-AE9C-EA42BD4F4F4D}.Debug|Any CPU.Build.0 = Debug|Any CPU
		{4960B40B-3EE6-4AB1-AE9C-EA42BD4F4F4D}.Release|Any CPU.ActiveCfg = Release|Any CPU
		{4960B40B-3EE6-4AB1-AE9C-EA42BD4F4F4D}.Release|Any CPU.Build.0 = Release|Any CPU
		{03ED46C3-820C-4081-914E-4C5C6E925782}.Debug|Any CPU.ActiveCfg = Debug|Any CPU
		{03ED46C3-820C-4081-914E-4C5C6E925782}.Debug|Any CPU.Build.0 = Debug|Any CPU
		{03ED46C3-820C-4081-914E-4C5C6E925782}.Release|Any CPU.ActiveCfg = Release|Any CPU
		{03ED46C3-820C-4081-914E-4C5C6E925782}.Release|Any CPU.Build.0 = Release|Any CPU
		{4973D26A-DC7B-4B81-AE00-A9DCA49FBA83}.Debug|Any CPU.ActiveCfg = Debug|Any CPU
		{4973D26A-DC7B-4B81-AE00-A9DCA49FBA83}.Debug|Any CPU.Build.0 = Debug|Any CPU
		{4973D26A-DC7B-4B81-AE00-A9DCA49FBA83}.Release|Any CPU.ActiveCfg = Release|Any CPU
		{4973D26A-DC7B-4B81-AE00-A9DCA49FBA83}.Release|Any CPU.Build.0 = Release|Any CPU
		{E3FFFEDB-CB6F-4C1A-8EC3-2242376C9E05}.Debug|Any CPU.ActiveCfg = Debug|Any CPU
		{E3FFFEDB-CB6F-4C1A-8EC3-2242376C9E05}.Debug|Any CPU.Build.0 = Debug|Any CPU
		{E3FFFEDB-CB6F-4C1A-8EC3-2242376C9E05}.Release|Any CPU.ActiveCfg = Release|Any CPU
		{E3FFFEDB-CB6F-4C1A-8EC3-2242376C9E05}.Release|Any CPU.Build.0 = Release|Any CPU
		{53DCE393-55EB-4D26-ABC4-C339F7EAAAD8}.Debug|Any CPU.ActiveCfg = Debug|Any CPU
		{53DCE393-55EB-4D26-ABC4-C339F7EAAAD8}.Debug|Any CPU.Build.0 = Debug|Any CPU
		{53DCE393-55EB-4D26-ABC4-C339F7EAAAD8}.Release|Any CPU.ActiveCfg = Release|Any CPU
		{53DCE393-55EB-4D26-ABC4-C339F7EAAAD8}.Release|Any CPU.Build.0 = Release|Any CPU
		{A36FA6BB-4833-4D66-9909-C6BDA98E5FFD}.Debug|Any CPU.ActiveCfg = Debug|Any CPU
		{A36FA6BB-4833-4D66-9909-C6BDA98E5FFD}.Debug|Any CPU.Build.0 = Debug|Any CPU
		{A36FA6BB-4833-4D66-9909-C6BDA98E5FFD}.Release|Any CPU.ActiveCfg = Release|Any CPU
		{A36FA6BB-4833-4D66-9909-C6BDA98E5FFD}.Release|Any CPU.Build.0 = Release|Any CPU
		{EF7DB86E-4C99-456A-9C78-ABCA7BC86A7A}.Debug|Any CPU.ActiveCfg = Debug|Any CPU
		{EF7DB86E-4C99-456A-9C78-ABCA7BC86A7A}.Debug|Any CPU.Build.0 = Debug|Any CPU
		{EF7DB86E-4C99-456A-9C78-ABCA7BC86A7A}.Release|Any CPU.ActiveCfg = Release|Any CPU
		{EF7DB86E-4C99-456A-9C78-ABCA7BC86A7A}.Release|Any CPU.Build.0 = Release|Any CPU
		{04C11FE7-F47A-4FB6-BA98-CB80B504C15C}.Debug|Any CPU.ActiveCfg = Debug|Any CPU
		{04C11FE7-F47A-4FB6-BA98-CB80B504C15C}.Debug|Any CPU.Build.0 = Debug|Any CPU
		{04C11FE7-F47A-4FB6-BA98-CB80B504C15C}.Release|Any CPU.ActiveCfg = Release|Any CPU
		{04C11FE7-F47A-4FB6-BA98-CB80B504C15C}.Release|Any CPU.Build.0 = Release|Any CPU
		{5129F4D1-ED0E-4AAD-B80A-D49405E4F10F}.Debug|Any CPU.ActiveCfg = Debug|Any CPU
		{5129F4D1-ED0E-4AAD-B80A-D49405E4F10F}.Debug|Any CPU.Build.0 = Debug|Any CPU
		{5129F4D1-ED0E-4AAD-B80A-D49405E4F10F}.Release|Any CPU.ActiveCfg = Release|Any CPU
		{5129F4D1-ED0E-4AAD-B80A-D49405E4F10F}.Release|Any CPU.Build.0 = Release|Any CPU
		{65383EFF-3456-433B-8C6C-DCF4F6C56233}.Debug|Any CPU.ActiveCfg = Debug|Any CPU
		{65383EFF-3456-433B-8C6C-DCF4F6C56233}.Debug|Any CPU.Build.0 = Debug|Any CPU
		{65383EFF-3456-433B-8C6C-DCF4F6C56233}.Release|Any CPU.ActiveCfg = Release|Any CPU
		{65383EFF-3456-433B-8C6C-DCF4F6C56233}.Release|Any CPU.Build.0 = Release|Any CPU
	EndGlobalSection
	GlobalSection(SolutionProperties) = preSolution
		HideSolutionNode = FALSE
	EndGlobalSection
	GlobalSection(NestedProjects) = preSolution
		{BCA7DBEB-8A00-436C-AC0B-FEDF5F5A87C1} = {8A3581EA-788A-43D5-8444-2919B9B356C2}
		{66488815-F5FE-4173-8F94-BE5B998BCBF9} = {5AD90505-59CE-40DC-9692-B7E50D4996A7}
		{95BCEFE0-4AF1-4716-B088-3498D88F30A3} = {5AD90505-59CE-40DC-9692-B7E50D4996A7}
		{4960B40B-3EE6-4AB1-AE9C-EA42BD4F4F4D} = {0D8B103C-45EF-45F9-B226-41BEF284670B}
		{03ED46C3-820C-4081-914E-4C5C6E925782} = {3CC41512-11FA-4B04-A910-D892C915853C}
		{4973D26A-DC7B-4B81-AE00-A9DCA49FBA83} = {BA73ABF7-722B-4E87-9B25-BEA7076125B3}
		{E3FFFEDB-CB6F-4C1A-8EC3-2242376C9E05} = {3CC41512-11FA-4B04-A910-D892C915853C}
		{53DCE393-55EB-4D26-ABC4-C339F7EAAAD8} = {3CC41512-11FA-4B04-A910-D892C915853C}
		{A36FA6BB-4833-4D66-9909-C6BDA98E5FFD} = {BA73ABF7-722B-4E87-9B25-BEA7076125B3}
		{EF7DB86E-4C99-456A-9C78-ABCA7BC86A7A} = {8A3581EA-788A-43D5-8444-2919B9B356C2}
		{04C11FE7-F47A-4FB6-BA98-CB80B504C15C} = {0D8B103C-45EF-45F9-B226-41BEF284670B}
		{5129F4D1-ED0E-4AAD-B80A-D49405E4F10F} = {0D8B103C-45EF-45F9-B226-41BEF284670B}
		{65383EFF-3456-433B-8C6C-DCF4F6C56233} = {0D8B103C-45EF-45F9-B226-41BEF284670B}
	EndGlobalSection
	GlobalSection(ExtensibilityGlobals) = postSolution
		SolutionGuid = {AEDB0925-D642-4F2D-8D16-181BEDDF5212}
	EndGlobalSection
EndGlobal
