
Microsoft Visual Studio Solution File, Format Version 12.00
# Visual Studio Version 17
VisualStudioVersion = 17.4.33213.308
MinimumVisualStudioVersion = 10.0.40219.1
Project("{FAE04EC0-301F-11D3-BF4B-00C04F79EFBC}") = "FactoryNamedInstances", "FactoryNamedInstances\FactoryNamedInstances.csproj", "{BCA7DBEB-8A00-436C-AC0B-FEDF5F5A87C1}"
EndProject
Global
	GlobalSection(SolutionConfigurationPlatforms) = preSolution
		Debug|Any CPU = Debug|Any CPU
		Release|Any CPU = Release|Any CPU
	EndGlobalSection
	GlobalSection(ProjectConfigurationPlatforms) = postSolution
		{BCA7DBEB-8A00-436C-AC0B-FEDF5F5A87C1}.Debug|Any CPU.ActiveCfg = Debug|Any CPU
		{BCA7DBEB-8A00-436C-AC0B-FEDF5F5A87C1}.Debug|Any CPU.Build.0 = Debug|Any CPU
		{BCA7DBEB-8A00-436C-AC0B-FEDF5F5A87C1}.Release|Any CPU.ActiveCfg = Release|Any CPU
		{BCA7DBEB-8A00-436C-AC0B-FEDF5F5A87C1}.Release|Any CPU.Build.0 = Release|Any CPU
	EndGlobalSection
	GlobalSection(SolutionProperties) = preSolution
		HideSolutionNode = FALSE
	EndGlobalSection
	GlobalSection(ExtensibilityGlobals) = postSolution
		SolutionGuid = {AEDB0925-D642-4F2D-8D16-181BEDDF5212}
	EndGlobalSection
EndGlobal
